// !$*UTF8*$!
{
	archiveVersion = 1;
	classes = {
	};
	objectVersion = 55;
	objects = {

/* Begin PBXBuildFile section */
		E92A7EB2281FBFFD004E61A5 /* CoreLocation.framework in Frameworks */ = {isa = PBXBuildFile; fileRef = E92A7EB1281FBFFD004E61A5 /* CoreLocation.framework */; };
		E92A7EB4281FC0C8004E61A5 /* CoreLocationUI.framework in Frameworks */ = {isa = PBXBuildFile; fileRef = E92A7EB3281FC0C8004E61A5 /* CoreLocationUI.framework */; };
		E9EDA6F1280C055800F4101C /* ContentView.swift in Sources */ = {isa = PBXBuildFile; fileRef = E9EDA6F0280C055800F4101C /* ContentView.swift */; };
		E9EDA6F3280C055800F4101C /* modulePack.swift in Sources */ = {isa = PBXBuildFile; fileRef = E9EDA6F2280C055800F4101C /* modulePack.swift */; };
		E9EDA6F5280C055C00F4101C /* Assets.xcassets in Resources */ = {isa = PBXBuildFile; fileRef = E9EDA6F4280C055C00F4101C /* Assets.xcassets */; };
		E9EDA6F8280C055C00F4101C /* Preview Assets.xcassets in Resources */ = {isa = PBXBuildFile; fileRef = E9EDA6F7280C055C00F4101C /* Preview Assets.xcassets */; };
		E9EDA707280C055C00F4101C /* bleTests.swift in Sources */ = {isa = PBXBuildFile; fileRef = E9EDA706280C055C00F4101C /* bleTests.swift */; };
		E9EDA711280C055C00F4101C /* bleUITests.swift in Sources */ = {isa = PBXBuildFile; fileRef = E9EDA710280C055C00F4101C /* bleUITests.swift */; };
		E9EDA713280C055C00F4101C /* bleUITestsLaunchTests.swift in Sources */ = {isa = PBXBuildFile; fileRef = E9EDA712280C055C00F4101C /* bleUITestsLaunchTests.swift */; };
		E9EDA721280C057500F4101C /* CoreBluetooth.framework in Frameworks */ = {isa = PBXBuildFile; fileRef = E9EDA720280C057500F4101C /* CoreBluetooth.framework */; };
/* End PBXBuildFile section */

/* Begin PBXContainerItemProxy section */
		E9EDA703280C055C00F4101C /* PBXContainerItemProxy */ = {
			isa = PBXContainerItemProxy;
			containerPortal = E9EDA6E5280C055800F4101C /* Project object */;
			proxyType = 1;
			remoteGlobalIDString = E9EDA6EC280C055800F4101C;
			remoteInfo = ble;
		};
		E9EDA70D280C055C00F4101C /* PBXContainerItemProxy */ = {
			isa = PBXContainerItemProxy;
			containerPortal = E9EDA6E5280C055800F4101C /* Project object */;
			proxyType = 1;
			remoteGlobalIDString = E9EDA6EC280C055800F4101C;
			remoteInfo = ble;
		};
/* End PBXContainerItemProxy section */

/* Begin PBXFileReference section */
		E92A7EAE2818466B004E61A5 /* Info.plist */ = {isa = PBXFileReference; lastKnownFileType = text.plist; path = Info.plist; sourceTree = "<group>"; };
		E92A7EB1281FBFFD004E61A5 /* CoreLocation.framework */ = {isa = PBXFileReference; lastKnownFileType = wrapper.framework; name = CoreLocation.framework; path = System/Library/Frameworks/CoreLocation.framework; sourceTree = SDKROOT; };
		E92A7EB3281FC0C8004E61A5 /* CoreLocationUI.framework */ = {isa = PBXFileReference; lastKnownFileType = wrapper.framework; name = CoreLocationUI.framework; path = System/Library/Frameworks/CoreLocationUI.framework; sourceTree = SDKROOT; };
		E9EDA6ED280C055800F4101C /* ble.app */ = {isa = PBXFileReference; explicitFileType = wrapper.application; includeInIndex = 0; path = ble.app; sourceTree = BUILT_PRODUCTS_DIR; };
		E9EDA6F0280C055800F4101C /* ContentView.swift */ = {isa = PBXFileReference; lastKnownFileType = sourcecode.swift; path = ContentView.swift; sourceTree = "<group>"; };
		E9EDA6F2280C055800F4101C /* modulePack.swift */ = {isa = PBXFileReference; lastKnownFileType = sourcecode.swift; path = modulePack.swift; sourceTree = "<group>"; };
		E9EDA6F4280C055C00F4101C /* Assets.xcassets */ = {isa = PBXFileReference; lastKnownFileType = folder.assetcatalog; path = Assets.xcassets; sourceTree = "<group>"; };
		E9EDA6F7280C055C00F4101C /* Preview Assets.xcassets */ = {isa = PBXFileReference; lastKnownFileType = folder.assetcatalog; path = "Preview Assets.xcassets"; sourceTree = "<group>"; };
		E9EDA702280C055C00F4101C /* bleTests.xctest */ = {isa = PBXFileReference; explicitFileType = wrapper.cfbundle; includeInIndex = 0; path = bleTests.xctest; sourceTree = BUILT_PRODUCTS_DIR; };
		E9EDA706280C055C00F4101C /* bleTests.swift */ = {isa = PBXFileReference; lastKnownFileType = sourcecode.swift; path = bleTests.swift; sourceTree = "<group>"; };
		E9EDA70C280C055C00F4101C /* bleUITests.xctest */ = {isa = PBXFileReference; explicitFileType = wrapper.cfbundle; includeInIndex = 0; path = bleUITests.xctest; sourceTree = BUILT_PRODUCTS_DIR; };
		E9EDA710280C055C00F4101C /* bleUITests.swift */ = {isa = PBXFileReference; lastKnownFileType = sourcecode.swift; path = bleUITests.swift; sourceTree = "<group>"; };
		E9EDA712280C055C00F4101C /* bleUITestsLaunchTests.swift */ = {isa = PBXFileReference; lastKnownFileType = sourcecode.swift; path = bleUITestsLaunchTests.swift; sourceTree = "<group>"; };
		E9EDA720280C057500F4101C /* CoreBluetooth.framework */ = {isa = PBXFileReference; lastKnownFileType = wrapper.framework; name = CoreBluetooth.framework; path = System/Library/Frameworks/CoreBluetooth.framework; sourceTree = SDKROOT; };
/* End PBXFileReference section */

/* Begin PBXFrameworksBuildPhase section */
		E9EDA6EA280C055800F4101C /* Frameworks */ = {
			isa = PBXFrameworksBuildPhase;
			buildActionMask = 2147483647;
			files = (
				E92A7EB2281FBFFD004E61A5 /* CoreLocation.framework in Frameworks */,
				E92A7EB4281FC0C8004E61A5 /* CoreLocationUI.framework in Frameworks */,
				E9EDA721280C057500F4101C /* CoreBluetooth.framework in Frameworks */,
			);
			runOnlyForDeploymentPostprocessing = 0;
		};
		E9EDA6FF280C055C00F4101C /* Frameworks */ = {
			isa = PBXFrameworksBuildPhase;
			buildActionMask = 2147483647;
			files = (
			);
			runOnlyForDeploymentPostprocessing = 0;
		};
		E9EDA709280C055C00F4101C /* Frameworks */ = {
			isa = PBXFrameworksBuildPhase;
			buildActionMask = 2147483647;
			files = (
			);
			runOnlyForDeploymentPostprocessing = 0;
		};
/* End PBXFrameworksBuildPhase section */

/* Begin PBXGroup section */
		E9EDA6E4280C055800F4101C = {
			isa = PBXGroup;
			children = (
				E9EDA6EF280C055800F4101C /* ble */,
				E9EDA705280C055C00F4101C /* bleTests */,
				E9EDA70F280C055C00F4101C /* bleUITests */,
				E9EDA6EE280C055800F4101C /* Products */,
				E9EDA71F280C057400F4101C /* Frameworks */,
			);
			sourceTree = "<group>";
		};
		E9EDA6EE280C055800F4101C /* Products */ = {
			isa = PBXGroup;
			children = (
				E9EDA6ED280C055800F4101C /* ble.app */,
				E9EDA702280C055C00F4101C /* bleTests.xctest */,
				E9EDA70C280C055C00F4101C /* bleUITests.xctest */,
			);
			name = Products;
			sourceTree = "<group>";
		};
		E9EDA6EF280C055800F4101C /* ble */ = {
			isa = PBXGroup;
			children = (
				E92A7EAE2818466B004E61A5 /* Info.plist */,
				E9EDA6F0280C055800F4101C /* ContentView.swift */,
				E9EDA6F2280C055800F4101C /* modulePack.swift */,
				E9EDA6F4280C055C00F4101C /* Assets.xcassets */,
				E9EDA6F6280C055C00F4101C /* Preview Content */,
			);
			path = ble;
			sourceTree = "<group>";
		};
		E9EDA6F6280C055C00F4101C /* Preview Content */ = {
			isa = PBXGroup;
			children = (
				E9EDA6F7280C055C00F4101C /* Preview Assets.xcassets */,
			);
			path = "Preview Content";
			sourceTree = "<group>";
		};
		E9EDA705280C055C00F4101C /* bleTests */ = {
			isa = PBXGroup;
			children = (
				E9EDA706280C055C00F4101C /* bleTests.swift */,
			);
			path = bleTests;
			sourceTree = "<group>";
		};
		E9EDA70F280C055C00F4101C /* bleUITests */ = {
			isa = PBXGroup;
			children = (
				E9EDA710280C055C00F4101C /* bleUITests.swift */,
				E9EDA712280C055C00F4101C /* bleUITestsLaunchTests.swift */,
			);
			path = bleUITests;
			sourceTree = "<group>";
		};
		E9EDA71F280C057400F4101C /* Frameworks */ = {
			isa = PBXGroup;
			children = (
				E92A7EB3281FC0C8004E61A5 /* CoreLocationUI.framework */,
				E92A7EB1281FBFFD004E61A5 /* CoreLocation.framework */,
				E9EDA720280C057500F4101C /* CoreBluetooth.framework */,
			);
			name = Frameworks;
			sourceTree = "<group>";
		};
/* End PBXGroup section */

/* Begin PBXNativeTarget section */
		E9EDA6EC280C055800F4101C /* ble */ = {
			isa = PBXNativeTarget;
			buildConfigurationList = E9EDA716280C055C00F4101C /* Build configuration list for PBXNativeTarget "ble" */;
			buildPhases = (
				E9EDA6E9280C055800F4101C /* Sources */,
				E9EDA6EA280C055800F4101C /* Frameworks */,
				E9EDA6EB280C055800F4101C /* Resources */,
			);
			buildRules = (
			);
			dependencies = (
			);
			name = ble;
			productName = ble;
			productReference = E9EDA6ED280C055800F4101C /* ble.app */;
			productType = "com.apple.product-type.application";
		};
		E9EDA701280C055C00F4101C /* bleTests */ = {
			isa = PBXNativeTarget;
			buildConfigurationList = E9EDA719280C055C00F4101C /* Build configuration list for PBXNativeTarget "bleTests" */;
			buildPhases = (
				E9EDA6FE280C055C00F4101C /* Sources */,
				E9EDA6FF280C055C00F4101C /* Frameworks */,
				E9EDA700280C055C00F4101C /* Resources */,
			);
			buildRules = (
			);
			dependencies = (
				E9EDA704280C055C00F4101C /* PBXTargetDependency */,
			);
			name = bleTests;
			productName = bleTests;
			productReference = E9EDA702280C055C00F4101C /* bleTests.xctest */;
			productType = "com.apple.product-type.bundle.unit-test";
		};
		E9EDA70B280C055C00F4101C /* bleUITests */ = {
			isa = PBXNativeTarget;
			buildConfigurationList = E9EDA71C280C055C00F4101C /* Build configuration list for PBXNativeTarget "bleUITests" */;
			buildPhases = (
				E9EDA708280C055C00F4101C /* Sources */,
				E9EDA709280C055C00F4101C /* Frameworks */,
				E9EDA70A280C055C00F4101C /* Resources */,
			);
			buildRules = (
			);
			dependencies = (
				E9EDA70E280C055C00F4101C /* PBXTargetDependency */,
			);
			name = bleUITests;
			productName = bleUITests;
			productReference = E9EDA70C280C055C00F4101C /* bleUITests.xctest */;
			productType = "com.apple.product-type.bundle.ui-testing";
		};
/* End PBXNativeTarget section */

/* Begin PBXProject section */
		E9EDA6E5280C055800F4101C /* Project object */ = {
			isa = PBXProject;
			attributes = {
				BuildIndependentTargetsInParallel = 1;
				LastSwiftUpdateCheck = 1320;
				LastUpgradeCheck = 1320;
				TargetAttributes = {
					E9EDA6EC280C055800F4101C = {
						CreatedOnToolsVersion = 13.2.1;
					};
					E9EDA701280C055C00F4101C = {
						CreatedOnToolsVersion = 13.2.1;
						TestTargetID = E9EDA6EC280C055800F4101C;
					};
					E9EDA70B280C055C00F4101C = {
						CreatedOnToolsVersion = 13.2.1;
						TestTargetID = E9EDA6EC280C055800F4101C;
					};
				};
			};
			buildConfigurationList = E9EDA6E8280C055800F4101C /* Build configuration list for PBXProject "ble" */;
			compatibilityVersion = "Xcode 13.0";
			developmentRegion = en;
			hasScannedForEncodings = 0;
			knownRegions = (
				en,
				Base,
			);
			mainGroup = E9EDA6E4280C055800F4101C;
			productRefGroup = E9EDA6EE280C055800F4101C /* Products */;
			projectDirPath = "";
			projectRoot = "";
			targets = (
				E9EDA6EC280C055800F4101C /* ble */,
				E9EDA701280C055C00F4101C /* bleTests */,
				E9EDA70B280C055C00F4101C /* bleUITests */,
			);
		};
/* End PBXProject section */

/* Begin PBXResourcesBuildPhase section */
		E9EDA6EB280C055800F4101C /* Resources */ = {
			isa = PBXResourcesBuildPhase;
			buildActionMask = 2147483647;
			files = (
				E9EDA6F8280C055C00F4101C /* Preview Assets.xcassets in Resources */,
				E9EDA6F5280C055C00F4101C /* Assets.xcassets in Resources */,
			);
			runOnlyForDeploymentPostprocessing = 0;
		};
		E9EDA700280C055C00F4101C /* Resources */ = {
			isa = PBXResourcesBuildPhase;
			buildActionMask = 2147483647;
			files = (
			);
			runOnlyForDeploymentPostprocessing = 0;
		};
		E9EDA70A280C055C00F4101C /* Resources */ = {
			isa = PBXResourcesBuildPhase;
			buildActionMask = 2147483647;
			files = (
			);
			runOnlyForDeploymentPostprocessing = 0;
		};
/* End PBXResourcesBuildPhase section */

/* Begin PBXSourcesBuildPhase section */
		E9EDA6E9280C055800F4101C /* Sources */ = {
			isa = PBXSourcesBuildPhase;
			buildActionMask = 2147483647;
			files = (
				E9EDA6F3280C055800F4101C /* modulePack.swift in Sources */,
				E9EDA6F1280C055800F4101C /* ContentView.swift in Sources */,
			);
			runOnlyForDeploymentPostprocessing = 0;
		};
		E9EDA6FE280C055C00F4101C /* Sources */ = {
			isa = PBXSourcesBuildPhase;
			buildActionMask = 2147483647;
			files = (
				E9EDA707280C055C00F4101C /* bleTests.swift in Sources */,
			);
			runOnlyForDeploymentPostprocessing = 0;
		};
		E9EDA708280C055C00F4101C /* Sources */ = {
			isa = PBXSourcesBuildPhase;
			buildActionMask = 2147483647;
			files = (
				E9EDA713280C055C00F4101C /* bleUITestsLaunchTests.swift in Sources */,
				E9EDA711280C055C00F4101C /* bleUITests.swift in Sources */,
			);
			runOnlyForDeploymentPostprocessing = 0;
		};
/* End PBXSourcesBuildPhase section */

/* Begin PBXTargetDependency section */
		E9EDA704280C055C00F4101C /* PBXTargetDependency */ = {
			isa = PBXTargetDependency;
			target = E9EDA6EC280C055800F4101C /* ble */;
			targetProxy = E9EDA703280C055C00F4101C /* PBXContainerItemProxy */;
		};
		E9EDA70E280C055C00F4101C /* PBXTargetDependency */ = {
			isa = PBXTargetDependency;
			target = E9EDA6EC280C055800F4101C /* ble */;
			targetProxy = E9EDA70D280C055C00F4101C /* PBXContainerItemProxy */;
		};
/* End PBXTargetDependency section */

/* Begin XCBuildConfiguration section */
		E9EDA714280C055C00F4101C /* Debug */ = {
			isa = XCBuildConfiguration;
			buildSettings = {
				ALWAYS_SEARCH_USER_PATHS = NO;
				CLANG_ANALYZER_NONNULL = YES;
				CLANG_ANALYZER_NUMBER_OBJECT_CONVERSION = YES_AGGRESSIVE;
				CLANG_CXX_LANGUAGE_STANDARD = "gnu++17";
				CLANG_CXX_LIBRARY = "libc++";
				CLANG_ENABLE_MODULES = YES;
				CLANG_ENABLE_OBJC_ARC = YES;
				CLANG_ENABLE_OBJC_WEAK = YES;
				CLANG_WARN_BLOCK_CAPTURE_AUTORELEASING = YES;
				CLANG_WARN_BOOL_CONVERSION = YES;
				CLANG_WARN_COMMA = YES;
				CLANG_WARN_CONSTANT_CONVERSION = YES;
				CLANG_WARN_DEPRECATED_OBJC_IMPLEMENTATIONS = YES;
				CLANG_WARN_DIRECT_OBJC_ISA_USAGE = YES_ERROR;
				CLANG_WARN_DOCUMENTATION_COMMENTS = YES;
				CLANG_WARN_EMPTY_BODY = YES;
				CLANG_WARN_ENUM_CONVERSION = YES;
				CLANG_WARN_INFINITE_RECURSION = YES;
				CLANG_WARN_INT_CONVERSION = YES;
				CLANG_WARN_NON_LITERAL_NULL_CONVERSION = YES;
				CLANG_WARN_OBJC_IMPLICIT_RETAIN_SELF = YES;
				CLANG_WARN_OBJC_LITERAL_CONVERSION = YES;
				CLANG_WARN_OBJC_ROOT_CLASS = YES_ERROR;
				CLANG_WARN_QUOTED_INCLUDE_IN_FRAMEWORK_HEADER = YES;
				CLANG_WARN_RANGE_LOOP_ANALYSIS = YES;
				CLANG_WARN_STRICT_PROTOTYPES = YES;
				CLANG_WARN_SUSPICIOUS_MOVE = YES;
				CLANG_WARN_UNGUARDED_AVAILABILITY = YES_AGGRESSIVE;
				CLANG_WARN_UNREACHABLE_CODE = YES;
				CLANG_WARN__DUPLICATE_METHOD_MATCH = YES;
				COPY_PHASE_STRIP = NO;
				DEBUG_INFORMATION_FORMAT = dwarf;
				ENABLE_STRICT_OBJC_MSGSEND = YES;
				ENABLE_TESTABILITY = YES;
				GCC_C_LANGUAGE_STANDARD = gnu11;
				GCC_DYNAMIC_NO_PIC = NO;
				GCC_NO_COMMON_BLOCKS = YES;
				GCC_OPTIMIZATION_LEVEL = 0;
				GCC_PREPROCESSOR_DEFINITIONS = (
					"DEBUG=1",
					"$(inherited)",
				);
				GCC_WARN_64_TO_32_BIT_CONVERSION = YES;
				GCC_WARN_ABOUT_RETURN_TYPE = YES_ERROR;
				GCC_WARN_UNDECLARED_SELECTOR = YES;
				GCC_WARN_UNINITIALIZED_AUTOS = YES_AGGRESSIVE;
				GCC_WARN_UNUSED_FUNCTION = YES;
				GCC_WARN_UNUSED_VARIABLE = YES;
				IPHONEOS_DEPLOYMENT_TARGET = 15.2;
				MTL_ENABLE_DEBUG_INFO = INCLUDE_SOURCE;
				MTL_FAST_MATH = YES;
				ONLY_ACTIVE_ARCH = YES;
				SDKROOT = iphoneos;
				SWIFT_ACTIVE_COMPILATION_CONDITIONS = DEBUG;
				SWIFT_OPTIMIZATION_LEVEL = "-Onone";
			};
			name = Debug;
		};
		E9EDA715280C055C00F4101C /* Release */ = {
			isa = XCBuildConfiguration;
			buildSettings = {
				ALWAYS_SEARCH_USER_PATHS = NO;
				CLANG_ANALYZER_NONNULL = YES;
				CLANG_ANALYZER_NUMBER_OBJECT_CONVERSION = YES_AGGRESSIVE;
				CLANG_CXX_LANGUAGE_STANDARD = "gnu++17";
				CLANG_CXX_LIBRARY = "libc++";
				CLANG_ENABLE_MODULES = YES;
				CLANG_ENABLE_OBJC_ARC = YES;
				CLANG_ENABLE_OBJC_WEAK = YES;
				CLANG_WARN_BLOCK_CAPTURE_AUTORELEASING = YES;
				CLANG_WARN_BOOL_CONVERSION = YES;
				CLANG_WARN_COMMA = YES;
				CLANG_WARN_CONSTANT_CONVERSION = YES;
				CLANG_WARN_DEPRECATED_OBJC_IMPLEMENTATIONS = YES;
				CLANG_WARN_DIRECT_OBJC_ISA_USAGE = YES_ERROR;
				CLANG_WARN_DOCUMENTATION_COMMENTS = YES;
				CLANG_WARN_EMPTY_BODY = YES;
				CLANG_WARN_ENUM_CONVERSION = YES;
				CLANG_WARN_INFINITE_RECURSION = YES;
				CLANG_WARN_INT_CONVERSION = YES;
				CLANG_WARN_NON_LITERAL_NULL_CONVERSION = YES;
				CLANG_WARN_OBJC_IMPLICIT_RETAIN_SELF = YES;
				CLANG_WARN_OBJC_LITERAL_CONVERSION = YES;
				CLANG_WARN_OBJC_ROOT_CLASS = YES_ERROR;
				CLANG_WARN_QUOTED_INCLUDE_IN_FRAMEWORK_HEADER = YES;
				CLANG_WARN_RANGE_LOOP_ANALYSIS = YES;
				CLANG_WARN_STRICT_PROTOTYPES = YES;
				CLANG_WARN_SUSPICIOUS_MOVE = YES;
				CLANG_WARN_UNGUARDED_AVAILABILITY = YES_AGGRESSIVE;
				CLANG_WARN_UNREACHABLE_CODE = YES;
				CLANG_WARN__DUPLICATE_METHOD_MATCH = YES;
				COPY_PHASE_STRIP = NO;
				DEBUG_INFORMATION_FORMAT = "dwarf-with-dsym";
				ENABLE_NS_ASSERTIONS = NO;
				ENABLE_STRICT_OBJC_MSGSEND = YES;
				GCC_C_LANGUAGE_STANDARD = gnu11;
				GCC_NO_COMMON_BLOCKS = YES;
				GCC_WARN_64_TO_32_BIT_CONVERSION = YES;
				GCC_WARN_ABOUT_RETURN_TYPE = YES_ERROR;
				GCC_WARN_UNDECLARED_SELECTOR = YES;
				GCC_WARN_UNINITIALIZED_AUTOS = YES_AGGRESSIVE;
				GCC_WARN_UNUSED_FUNCTION = YES;
				GCC_WARN_UNUSED_VARIABLE = YES;
				IPHONEOS_DEPLOYMENT_TARGET = 15.2;
				MTL_ENABLE_DEBUG_INFO = NO;
				MTL_FAST_MATH = YES;
				SDKROOT = iphoneos;
				SWIFT_COMPILATION_MODE = wholemodule;
				SWIFT_OPTIMIZATION_LEVEL = "-O";
				VALIDATE_PRODUCT = YES;
			};
			name = Release;
		};
		E9EDA717280C055C00F4101C /* Debug */ = {
			isa = XCBuildConfiguration;
			buildSettings = {
				ASSETCATALOG_COMPILER_APPICON_NAME = AppIcon;
				ASSETCATALOG_COMPILER_GLOBAL_ACCENT_COLOR_NAME = AccentColor;
				CODE_SIGN_STYLE = Automatic;
				CURRENT_PROJECT_VERSION = 1;
				DEVELOPMENT_ASSET_PATHS = "\"ble/Preview Content\"";
				DEVELOPMENT_TEAM = B4G8KRSTWV;
				ENABLE_PREVIEWS = YES;
				GENERATE_INFOPLIST_FILE = YES;
				INFOPLIST_FILE = ble/Info.plist;
				INFOPLIST_KEY_CFBundleDisplayName = blee;
				INFOPLIST_KEY_LSSupportsOpeningDocumentsInPlace = YES;
				INFOPLIST_KEY_NSBluetoothAlwaysUsageDescription = sadfafasdfa;
				INFOPLIST_KEY_NSLocationAlwaysAndWhenInUseUsageDescription = hogehoge;
				INFOPLIST_KEY_NSLocationAlwaysUsageDescription = hogehoge;
				INFOPLIST_KEY_NSLocationUsageDescription = "";
				INFOPLIST_KEY_NSLocationWhenInUseUsageDescription = hogehoge;
				INFOPLIST_KEY_UIApplicationSceneManifest_Generation = YES;
				INFOPLIST_KEY_UIApplicationSupportsIndirectInputEvents = YES;
				INFOPLIST_KEY_UILaunchScreen_Generation = YES;
				INFOPLIST_KEY_UISupportedInterfaceOrientations_iPad = "UIInterfaceOrientationPortrait UIInterfaceOrientationPortraitUpsideDown UIInterfaceOrientationLandscapeLeft UIInterfaceOrientationLandscapeRight";
				INFOPLIST_KEY_UISupportedInterfaceOrientations_iPhone = "UIInterfaceOrientationPortrait UIInterfaceOrientationLandscapeLeft UIInterfaceOrientationLandscapeRight";
				LD_RUNPATH_SEARCH_PATHS = (
					"$(inherited)",
					"@executable_path/Frameworks",
				);
				MARKETING_VERSION = 1.0;
				PRODUCT_BUNDLE_IDENTIFIER = bd8z.ble;
				PRODUCT_NAME = "$(TARGET_NAME)";
				SWIFT_EMIT_LOC_STRINGS = YES;
				SWIFT_VERSION = 5.0;
				TARGETED_DEVICE_FAMILY = "1,2";
			};
			name = Debug;
		};
		E9EDA718280C055C00F4101C /* Release */ = {
			isa = XCBuildConfiguration;
			buildSettings = {
				ASSETCATALOG_COMPILER_APPICON_NAME = AppIcon;
				ASSETCATALOG_COMPILER_GLOBAL_ACCENT_COLOR_NAME = AccentColor;
				CODE_SIGN_STYLE = Automatic;
				CURRENT_PROJECT_VERSION = 1;
				DEVELOPMENT_ASSET_PATHS = "\"ble/Preview Content\"";
				DEVELOPMENT_TEAM = B4G8KRSTWV;
				ENABLE_PREVIEWS = YES;
				GENERATE_INFOPLIST_FILE = YES;
				INFOPLIST_FILE = ble/Info.plist;
				INFOPLIST_KEY_CFBundleDisplayName = blee;
				INFOPLIST_KEY_LSSupportsOpeningDocumentsInPlace = YES;
				INFOPLIST_KEY_NSBluetoothAlwaysUsageDescription = sadfafasdfa;
				INFOPLIST_KEY_NSLocationAlwaysAndWhenInUseUsageDescription = hogehoge;
				INFOPLIST_KEY_NSLocationAlwaysUsageDescription = hogehoge;
				INFOPLIST_KEY_NSLocationUsageDescription = "";
				INFOPLIST_KEY_NSLocationWhenInUseUsageDescription = hogehoge;
				INFOPLIST_KEY_UIApplicationSceneManifest_Generation = YES;
				INFOPLIST_KEY_UIApplicationSupportsIndirectInputEvents = YES;
				INFOPLIST_KEY_UILaunchScreen_Generation = YES;
				INFOPLIST_KEY_UISupportedInterfaceOrientations_iPad = "UIInterfaceOrientationPortrait UIInterfaceOrientationPortraitUpsideDown UIInterfaceOrientationLandscapeLeft UIInterfaceOrientationLandscapeRight";
				INFOPLIST_KEY_UISupportedInterfaceOrientations_iPhone = "UIInterfaceOrientationPortrait UIInterfaceOrientationLandscapeLeft UIInterfaceOrientationLandscapeRight";
				LD_RUNPATH_SEARCH_PATHS = (
					"$(inherited)",
					"@executable_path/Frameworks",
				);
				MARKETING_VERSION = 1.0;
				PRODUCT_BUNDLE_IDENTIFIER = bd8z.ble;
				PRODUCT_NAME = "$(TARGET_NAME)";
				SWIFT_EMIT_LOC_STRINGS = YES;
				SWIFT_VERSION = 5.0;
				TARGETED_DEVICE_FAMILY = "1,2";
			};
			name = Release;
		};
		E9EDA71A280C055C00F4101C /* Debug */ = {
			isa = XCBuildConfiguration;
			buildSettings = {
				ALWAYS_EMBED_SWIFT_STANDARD_LIBRARIES = YES;
				BUNDLE_LOADER = "$(TEST_HOST)";
				CODE_SIGN_STYLE = Automatic;
				CURRENT_PROJECT_VERSION = 1;
				DEVELOPMENT_TEAM = B4G8KRSTWV;
				GENERATE_INFOPLIST_FILE = YES;
				IPHONEOS_DEPLOYMENT_TARGET = 15.2;
				MARKETING_VERSION = 1.0;
				PRODUCT_BUNDLE_IDENTIFIER = bd8z.bleTests;
				PRODUCT_NAME = "$(TARGET_NAME)";
				SWIFT_EMIT_LOC_STRINGS = NO;
				SWIFT_VERSION = 5.0;
				TARGETED_DEVICE_FAMILY = "1,2";
				TEST_HOST = "$(BUILT_PRODUCTS_DIR)/ble.app/ble";
			};
			name = Debug;
		};
		E9EDA71B280C055C00F4101C /* Release */ = {
			isa = XCBuildConfiguration;
			buildSettings = {
				ALWAYS_EMBED_SWIFT_STANDARD_LIBRARIES = YES;
				BUNDLE_LOADER = "$(TEST_HOST)";
				CODE_SIGN_STYLE = Automatic;
				CURRENT_PROJECT_VERSION = 1;
				DEVELOPMENT_TEAM = B4G8KRSTWV;
				GENERATE_INFOPLIST_FILE = YES;
				IPHONEOS_DEPLOYMENT_TARGET = 15.2;
				MARKETING_VERSION = 1.0;
				PRODUCT_BUNDLE_IDENTIFIER = bd8z.bleTests;
				PRODUCT_NAME = "$(TARGET_NAME)";
				SWIFT_EMIT_LOC_STRINGS = NO;
				SWIFT_VERSION = 5.0;
				TARGETED_DEVICE_FAMILY = "1,2";
				TEST_HOST = "$(BUILT_PRODUCTS_DIR)/ble.app/ble";
			};
			name = Release;
		};
		E9EDA71D280C055C00F4101C /* Debug */ = {
			isa = XCBuildConfiguration;
			buildSettings = {
				ALWAYS_EMBED_SWIFT_STANDARD_LIBRARIES = YES;
				CODE_SIGN_STYLE = Automatic;
				CURRENT_PROJECT_VERSION = 1;
				DEVELOPMENT_TEAM = B4G8KRSTWV;
				GENERATE_INFOPLIST_FILE = YES;
				MARKETING_VERSION = 1.0;
				PRODUCT_BUNDLE_IDENTIFIER = bd8z.bleUITests;
				PRODUCT_NAME = "$(TARGET_NAME)";
				SWIFT_EMIT_LOC_STRINGS = NO;
				SWIFT_VERSION = 5.0;
				TARGETED_DEVICE_FAMILY = "1,2";
				TEST_TARGET_NAME = ble;
			};
			name = Debug;
		};
		E9EDA71E280C055C00F4101C /* Release */ = {
			isa = XCBuildConfiguration;
			buildSettings = {
				ALWAYS_EMBED_SWIFT_STANDARD_LIBRARIES = YES;
				CODE_SIGN_STYLE = Automatic;
				CURRENT_PROJECT_VERSION = 1;
				DEVELOPMENT_TEAM = B4G8KRSTWV;
				GENERATE_INFOPLIST_FILE = YES;
				MARKETING_VERSION = 1.0;
				PRODUCT_BUNDLE_IDENTIFIER = bd8z.bleUITests;
				PRODUCT_NAME = "$(TARGET_NAME)";
				SWIFT_EMIT_LOC_STRINGS = NO;
				SWIFT_VERSION = 5.0;
				TARGETED_DEVICE_FAMILY = "1,2";
				TEST_TARGET_NAME = ble;
			};
			name = Release;
		};
/* End XCBuildConfiguration section */

/* Begin XCConfigurationList section */
		E9EDA6E8280C055800F4101C /* Build configuration list for PBXProject "ble" */ = {
			isa = XCConfigurationList;
			buildConfigurations = (
				E9EDA714280C055C00F4101C /* Debug */,
				E9EDA715280C055C00F4101C /* Release */,
			);
			defaultConfigurationIsVisible = 0;
			defaultConfigurationName = Release;
		};
		E9EDA716280C055C00F4101C /* Build configuration list for PBXNativeTarget "ble" */ = {
			isa = XCConfigurationList;
			buildConfigurations = (
				E9EDA717280C055C00F4101C /* Debug */,
				E9EDA718280C055C00F4101C /* Release */,
			);
			defaultConfigurationIsVisible = 0;
			defaultConfigurationName = Release;
		};
		E9EDA719280C055C00F4101C /* Build configuration list for PBXNativeTarget "bleTests" */ = {
			isa = XCConfigurationList;
			buildConfigurations = (
				E9EDA71A280C055C00F4101C /* Debug */,
				E9EDA71B280C055C00F4101C /* Release */,
			);
			defaultConfigurationIsVisible = 0;
			defaultConfigurationName = Release;
		};
		E9EDA71C280C055C00F4101C /* Build configuration list for PBXNativeTarget "bleUITests" */ = {
			isa = XCConfigurationList;
			buildConfigurations = (
				E9EDA71D280C055C00F4101C /* Debug */,
				E9EDA71E280C055C00F4101C /* Release */,
			);
			defaultConfigurationIsVisible = 0;
			defaultConfigurationName = Release;
		};
/* End XCConfigurationList section */
	};
	rootObject = E9EDA6E5280C055800F4101C /* Project object */;
}
